Microsoft Visual Studio Solution File, Format Version 12.00
# Visual Studio Version 16
VisualStudioVersion = 16.0.29609.76
MinimumVisualStudioVersion = 10.0.40219.1
Project("{9A19103F-16F7-4668-BE54-9A1E7A4F7556}") = "JsonApi", "JsonApi\JsonApi.csproj", "{FC84BB7C-FEED-45B0-A219-1F81CE8D2904}"
EndProject
Project("{9A19103F-16F7-4668-BE54-9A1E7A4F7556}") = "JsonApi.AspNetCore", "JsonApi.AspNetCore\JsonApi.AspNetCore.csproj", "{66EEDE25-8B83-46EE-89E8-285CE65558D1}"
EndProject
Project("{9A19103F-16F7-4668-BE54-9A1E7A4F7556}") = "JsonApi.Tests", "JsonApi.Tests\JsonApi.Tests.csproj", "{B8B164E6-2BF1-4651-BCC8-EB9AE1E0B1B8}"
EndProject
Project("{9A19103F-16F7-4668-BE54-9A1E7A4F7556}") = "JsonApi.Web", "JsonApi.Web\JsonApi.Web.csproj", "{B73BCB78-859D-49E4-8ED7-7CB4B071DDD6}"
EndProject
Project("{FAE04EC0-301F-11D3-BF4B-00C04F79EFBC}") = "JsonApi.Again", "JsonApi.Again\JsonApi.Again.csproj", "{C56B6617-8B54-4E97-810F-30F173E55BA7}"
EndProject
Global
	GlobalSection(SolutionConfigurationPlatforms) = preSolution
		Debug|Any CPU = Debug|Any CPU
		Release|Any CPU = Release|Any CPU
	EndGlobalSection
	GlobalSection(ProjectConfigurationPlatforms) = postSolution
		{FC84BB7C-FEED-45B0-A219-1F81CE8D2904}.Debug|Any CPU.ActiveCfg = Debug|Any CPU
		{FC84BB7C-FEED-45B0-A219-1F81CE8D2904}.Debug|Any CPU.Build.0 = Debug|Any CPU
		{FC84BB7C-FEED-45B0-A219-1F81CE8D2904}.Release|Any CPU.ActiveCfg = Release|Any CPU
		{FC84BB7C-FEED-45B0-A219-1F81CE8D2904}.Release|Any CPU.Build.0 = Release|Any CPU
		{66EEDE25-8B83-46EE-89E8-285CE65558D1}.Debug|Any CPU.ActiveCfg = Debug|Any CPU
		{66EEDE25-8B83-46EE-89E8-285CE65558D1}.Debug|Any CPU.Build.0 = Debug|Any CPU
		{66EEDE25-8B83-46EE-89E8-285CE65558D1}.Release|Any CPU.ActiveCfg = Release|Any CPU
		{66EEDE25-8B83-46EE-89E8-285CE65558D1}.Release|Any CPU.Build.0 = Release|Any CPU
		{B8B164E6-2BF1-4651-BCC8-EB9AE1E0B1B8}.Debug|Any CPU.ActiveCfg = Debug|Any CPU
		{B8B164E6-2BF1-4651-BCC8-EB9AE1E0B1B8}.Debug|Any CPU.Build.0 = Debug|Any CPU
		{B8B164E6-2BF1-4651-BCC8-EB9AE1E0B1B8}.Release|Any CPU.ActiveCfg = Release|Any CPU
		{B8B164E6-2BF1-4651-BCC8-EB9AE1E0B1B8}.Release|Any CPU.Build.0 = Release|Any CPU
		{B73BCB78-859D-49E4-8ED7-7CB4B071DDD6}.Debug|Any CPU.ActiveCfg = Debug|Any CPU
		{B73BCB78-859D-49E4-8ED7-7CB4B071DDD6}.Debug|Any CPU.Build.0 = Debug|Any CPU
		{B73BCB78-859D-49E4-8ED7-7CB4B071DDD6}.Release|Any CPU.ActiveCfg = Release|Any CPU
		{B73BCB78-859D-49E4-8ED7-7CB4B071DDD6}.Release|Any CPU.Build.0 = Release|Any CPU
		{C56B6617-8B54-4E97-810F-30F173E55BA7}.Debug|Any CPU.ActiveCfg = Debug|Any CPU
		{C56B6617-8B54-4E97-810F-30F173E55BA7}.Debug|Any CPU.Build.0 = Debug|Any CPU
		{C56B6617-8B54-4E97-810F-30F173E55BA7}.Release|Any CPU.ActiveCfg = Release|Any CPU
		{C56B6617-8B54-4E97-810F-30F173E55BA7}.Release|Any CPU.Build.0 = Release|Any CPU
	EndGlobalSection
	GlobalSection(SolutionProperties) = preSolution
		HideSolutionNode = FALSE
	EndGlobalSection
	GlobalSection(ExtensibilityGlobals) = postSolution
		SolutionGuid = {7DA6356D-E477-4D6D-AB93-FB5C4404A476}
	EndGlobalSection
EndGlobal
